
Microsoft Visual Studio Solution File, Format Version 12.00
# Visual Studio 15
VisualStudioVersion = 15.0.27004.2005
MinimumVisualStudioVersion = 10.0.40219.1
Project("{8BC9CEB8-8B4A-11D0-8D11-00A0C91BC942}") = "Survive_project", "Survive_project\Survive_project.vcxproj", "{198D9765-3300-49FD-8812-2B9A89E991BB}"
EndProject
Global
	GlobalSection(SolutionConfigurationPlatforms) = preSolution
		Debug|x64 = Debug|x64
		Debug|x86 = Debug|x86
		Release|x64 = Release|x64
		Release|x86 = Release|x86
	EndGlobalSection
	GlobalSection(ProjectConfigurationPlatforms) = postSolution
		{198D9765-3300-49FD-8812-2B9A89E991BB}.Debug|x64.ActiveCfg = Debug|x64
		{198D9765-3300-49FD-8812-2B9A89E991BB}.Debug|x64.Build.0 = Debug|x64
		{198D9765-3300-49FD-8812-2B9A89E991BB}.Debug|x86.ActiveCfg = Debug|Win32
		{198D9765-3300-49FD-8812-2B9A89E991BB}.Debug|x86.Build.0 = Debug|Win32
		{198D9765-3300-49FD-8812-2B9A89E991BB}.Release|x64.ActiveCfg = Release|x64
		{198D9765-3300-49FD-8812-2B9A89E991BB}.Release|x64.Build.0 = Release|x64
		{198D9765-3300-49FD-8812-2B9A89E991BB}.Release|x86.ActiveCfg = Release|Win32
		{198D9765-3300-49FD-8812-2B9A89E991BB}.Release|x86.Build.0 = Release|Win32
	EndGlobalSection
	GlobalSection(SolutionProperties) = preSolution
		HideSolutionNode = FALSE
	EndGlobalSection
	GlobalSection(ExtensibilityGlobals) = postSolution
		SolutionGuid = {4592FAEC-667D-4AE0-B807-4CBC085CF579}
	EndGlobalSection
EndGlobal
